
Microsoft Visual Studio Solution File, Format Version 12.00
# Visual Studio Version 17
VisualStudioVersion = 17.14.36414.22 d17.14
MinimumVisualStudioVersion = 10.0.40219.1
Project("{FAE04EC0-301F-11D3-BF4B-00C04F79EFBC}") = "MvcSerializer", "MvcSerializer\MvcSerializer.csproj", "{55B47287-87C4-48B1-9FD4-AA095A096318}"
EndProject
Global
	GlobalSection(SolutionConfigurationPlatforms) = preSolution
		Debug|Any CPU = Debug|Any CPU
		Release|Any CPU = Release|Any CPU
	EndGlobalSection
	GlobalSection(ProjectConfigurationPlatforms) = postSolution
		{55B47287-87C4-48B1-9FD4-AA095A096318}.Debug|Any CPU.ActiveCfg = Debug|Any CPU
		{55B47287-87C4-48B1-9FD4-AA095A096318}.Debug|Any CPU.Build.0 = Debug|Any CPU
		{55B47287-87C4-48B1-9FD4-AA095A096318}.Release|Any CPU.ActiveCfg = Release|Any CPU
		{55B47287-87C4-48B1-9FD4-AA095A096318}.Release|Any CPU.Build.0 = Release|Any CPU
	EndGlobalSection
	GlobalSection(SolutionProperties) = preSolution
		HideSolutionNode = FALSE
	EndGlobalSection
	GlobalSection(ExtensibilityGlobals) = postSolution
		SolutionGuid = {D7304A83-D044-49F9-9C22-DB3296D9BF6E}
	EndGlobalSection
EndGlobal
